
Microsoft Visual Studio Solution File, Format Version 12.00
# Visual Studio 14
VisualStudioVersion = 14.0.25420.1
MinimumVisualStudioVersion = 10.0.40219.1
Project("{FAE04EC0-301F-11D3-BF4B-00C04F79EFBC}") = "RhinoNatNet", "RhinoNatNet\RhinoNatNet.csproj", "{9157A0DC-A100-4398-B7ED-4909A903F992}"
EndProject
Global
	GlobalSection(SolutionConfigurationPlatforms) = preSolution
		Debug64|Any CPU = Debug64|Any CPU
		Release|Any CPU = Release|Any CPU
	EndGlobalSection
	GlobalSection(ProjectConfigurationPlatforms) = postSolution
		{9157A0DC-A100-4398-B7ED-4909A903F992}.Debug64|Any CPU.ActiveCfg = Release|Any CPU
		{9157A0DC-A100-4398-B7ED-4909A903F992}.Debug64|Any CPU.Build.0 = Release|Any CPU
		{9157A0DC-A100-4398-B7ED-4909A903F992}.Release|Any CPU.ActiveCfg = Release|Any CPU
		{9157A0DC-A100-4398-B7ED-4909A903F992}.Release|Any CPU.Build.0 = Release|Any CPU
	EndGlobalSection
	GlobalSection(SolutionProperties) = preSolution
		HideSolutionNode = FALSE
	EndGlobalSection
EndGlobal
